// !$*UTF8*$!
{
	archiveVersion = 1;
	classes = {
	};
	objectVersion = 56;
	objects = {

/* Begin PBXBuildFile section */
		298F5E27F832F417DA71C5B6 /* Pods_ParoquiaSaoRoque.framework in Frameworks */ = {isa = PBXBuildFile; fileRef = 2B278DB7326FE83DD2140B6B /* Pods_ParoquiaSaoRoque.framework */; };
		C035466329833C0B00CCB8DF /* AppDelegate.swift in Sources */ = {isa = PBXBuildFile; fileRef = C035466229833C0B00CCB8DF /* AppDelegate.swift */; };
		C035466529833C0B00CCB8DF /* SceneDelegate.swift in Sources */ = {isa = PBXBuildFile; fileRef = C035466429833C0B00CCB8DF /* SceneDelegate.swift */; };
		C035466C29833C0E00CCB8DF /* Assets.xcassets in Resources */ = {isa = PBXBuildFile; fileRef = C035466B29833C0E00CCB8DF /* Assets.xcassets */; };
		C035466F29833C0E00CCB8DF /* LaunchScreen.storyboard in Resources */ = {isa = PBXBuildFile; fileRef = C035466D29833C0E00CCB8DF /* LaunchScreen.storyboard */; };
		C0354679298342B500CCB8DF /* LiturgiaView.swift in Sources */ = {isa = PBXBuildFile; fileRef = C0354678298342B500CCB8DF /* LiturgiaView.swift */; };
		C035467D298342CA00CCB8DF /* LiturgiaViewModel.swift in Sources */ = {isa = PBXBuildFile; fileRef = C035467C298342CA00CCB8DF /* LiturgiaViewModel.swift */; };
		C035467F2983432600CCB8DF /* LiturgiaViewController.swift in Sources */ = {isa = PBXBuildFile; fileRef = C035467E2983432600CCB8DF /* LiturgiaViewController.swift */; };
		C03546822983444700CCB8DF /* SnapKit in Frameworks */ = {isa = PBXBuildFile; productRef = C03546812983444700CCB8DF /* SnapKit */; };
		C03546852983446000CCB8DF /* Alamofire in Frameworks */ = {isa = PBXBuildFile; productRef = C03546842983446000CCB8DF /* Alamofire */; };
		C03546882983447300CCB8DF /* AlamofireNetworkActivityLogger in Frameworks */ = {isa = PBXBuildFile; productRef = C03546872983447300CCB8DF /* AlamofireNetworkActivityLogger */; };
		C035468B2983459E00CCB8DF /* SnapKitable.swift in Sources */ = {isa = PBXBuildFile; fileRef = C035468A2983459E00CCB8DF /* SnapKitable.swift */; };
		C03546982984C2B200CCB8DF /* NetworkService.swift in Sources */ = {isa = PBXBuildFile; fileRef = C03546972984C2B200CCB8DF /* NetworkService.swift */; };
		C035469D2984C51C00CCB8DF /* LiturgiaDiaria.swift in Sources */ = {isa = PBXBuildFile; fileRef = C035469C2984C51C00CCB8DF /* LiturgiaDiaria.swift */; };
		C0535C66299E659800208EF5 /* GoogleService-Info.plist in Resources */ = {isa = PBXBuildFile; fileRef = C0535C65299E659800208EF5 /* GoogleService-Info.plist */; };
		C0535C68299E6A4B00208EF5 /* SRError.swift in Sources */ = {isa = PBXBuildFile; fileRef = C0535C67299E6A4B00208EF5 /* SRError.swift */; };
		C0535C6A299E991500208EF5 /* SRRouter.swift in Sources */ = {isa = PBXBuildFile; fileRef = C0535C69299E991500208EF5 /* SRRouter.swift */; };
		C0626449299D1F2F0032D143 /* FirebaseAnalyticsSwift in Frameworks */ = {isa = PBXBuildFile; productRef = C0626448299D1F2F0032D143 /* FirebaseAnalyticsSwift */; };
		C062644B299D1F2F0032D143 /* FirebaseFirestoreSwift in Frameworks */ = {isa = PBXBuildFile; productRef = C062644A299D1F2F0032D143 /* FirebaseFirestoreSwift */; };
/* End PBXBuildFile section */

/* Begin PBXFileReference section */
		2B278DB7326FE83DD2140B6B /* Pods_ParoquiaSaoRoque.framework */ = {isa = PBXFileReference; explicitFileType = wrapper.framework; includeInIndex = 0; path = Pods_ParoquiaSaoRoque.framework; sourceTree = BUILT_PRODUCTS_DIR; };
		5AD361AE073DE699726BB1BA /* Pods-ParoquiaSaoRoque.release.xcconfig */ = {isa = PBXFileReference; includeInIndex = 1; lastKnownFileType = text.xcconfig; name = "Pods-ParoquiaSaoRoque.release.xcconfig"; path = "Target Support Files/Pods-ParoquiaSaoRoque/Pods-ParoquiaSaoRoque.release.xcconfig"; sourceTree = "<group>"; };
		C035465F29833C0B00CCB8DF /* ParoquiaSaoRoque.app */ = {isa = PBXFileReference; explicitFileType = wrapper.application; includeInIndex = 0; path = ParoquiaSaoRoque.app; sourceTree = BUILT_PRODUCTS_DIR; };
		C035466229833C0B00CCB8DF /* AppDelegate.swift */ = {isa = PBXFileReference; lastKnownFileType = sourcecode.swift; path = AppDelegate.swift; sourceTree = "<group>"; };
		C035466429833C0B00CCB8DF /* SceneDelegate.swift */ = {isa = PBXFileReference; lastKnownFileType = sourcecode.swift; path = SceneDelegate.swift; sourceTree = "<group>"; };
		C035466B29833C0E00CCB8DF /* Assets.xcassets */ = {isa = PBXFileReference; lastKnownFileType = folder.assetcatalog; path = Assets.xcassets; sourceTree = "<group>"; };
		C035466E29833C0E00CCB8DF /* Base */ = {isa = PBXFileReference; lastKnownFileType = file.storyboard; name = Base; path = Base.lproj/LaunchScreen.storyboard; sourceTree = "<group>"; };
		C035467029833C0E00CCB8DF /* Info.plist */ = {isa = PBXFileReference; lastKnownFileType = text.plist.xml; path = Info.plist; sourceTree = "<group>"; };
		C0354678298342B500CCB8DF /* LiturgiaView.swift */ = {isa = PBXFileReference; lastKnownFileType = sourcecode.swift; path = LiturgiaView.swift; sourceTree = "<group>"; };
		C035467C298342CA00CCB8DF /* LiturgiaViewModel.swift */ = {isa = PBXFileReference; lastKnownFileType = sourcecode.swift; path = LiturgiaViewModel.swift; sourceTree = "<group>"; };
		C035467E2983432600CCB8DF /* LiturgiaViewController.swift */ = {isa = PBXFileReference; lastKnownFileType = sourcecode.swift; path = LiturgiaViewController.swift; sourceTree = "<group>"; };
		C035468A2983459E00CCB8DF /* SnapKitable.swift */ = {isa = PBXFileReference; lastKnownFileType = sourcecode.swift; path = SnapKitable.swift; sourceTree = "<group>"; };
		C03546972984C2B200CCB8DF /* NetworkService.swift */ = {isa = PBXFileReference; lastKnownFileType = sourcecode.swift; path = NetworkService.swift; sourceTree = "<group>"; };
		C035469C2984C51C00CCB8DF /* LiturgiaDiaria.swift */ = {isa = PBXFileReference; lastKnownFileType = sourcecode.swift; path = LiturgiaDiaria.swift; sourceTree = "<group>"; };
		C0535C65299E659800208EF5 /* GoogleService-Info.plist */ = {isa = PBXFileReference; fileEncoding = 4; lastKnownFileType = text.plist.xml; path = "GoogleService-Info.plist"; sourceTree = "<group>"; };
		C0535C67299E6A4B00208EF5 /* SRError.swift */ = {isa = PBXFileReference; lastKnownFileType = sourcecode.swift; path = SRError.swift; sourceTree = "<group>"; };
		C0535C69299E991500208EF5 /* SRRouter.swift */ = {isa = PBXFileReference; lastKnownFileType = sourcecode.swift; path = SRRouter.swift; sourceTree = "<group>"; };
		F316C35775A270469E798E30 /* Pods-ParoquiaSaoRoque.debug.xcconfig */ = {isa = PBXFileReference; includeInIndex = 1; lastKnownFileType = text.xcconfig; name = "Pods-ParoquiaSaoRoque.debug.xcconfig"; path = "Target Support Files/Pods-ParoquiaSaoRoque/Pods-ParoquiaSaoRoque.debug.xcconfig"; sourceTree = "<group>"; };
/* End PBXFileReference section */

/* Begin PBXFrameworksBuildPhase section */
		C035465C29833C0B00CCB8DF /* Frameworks */ = {
			isa = PBXFrameworksBuildPhase;
			buildActionMask = 2147483647;
			files = (
				C062644B299D1F2F0032D143 /* FirebaseFirestoreSwift in Frameworks */,
				C0626449299D1F2F0032D143 /* FirebaseAnalyticsSwift in Frameworks */,
				C03546882983447300CCB8DF /* AlamofireNetworkActivityLogger in Frameworks */,
				C03546822983444700CCB8DF /* SnapKit in Frameworks */,
				C03546852983446000CCB8DF /* Alamofire in Frameworks */,
				298F5E27F832F417DA71C5B6 /* Pods_ParoquiaSaoRoque.framework in Frameworks */,
			);
			runOnlyForDeploymentPostprocessing = 0;
		};
/* End PBXFrameworksBuildPhase section */

/* Begin PBXGroup section */
		00FC50EDED1726903A10D4D7 /* Frameworks */ = {
			isa = PBXGroup;
			children = (
				2B278DB7326FE83DD2140B6B /* Pods_ParoquiaSaoRoque.framework */,
			);
			name = Frameworks;
			sourceTree = "<group>";
		};
		BB66366AF115F0C2A372BFF1 /* Pods */ = {
			isa = PBXGroup;
			children = (
				F316C35775A270469E798E30 /* Pods-ParoquiaSaoRoque.debug.xcconfig */,
				5AD361AE073DE699726BB1BA /* Pods-ParoquiaSaoRoque.release.xcconfig */,
			);
			name = Pods;
			path = Pods;
			sourceTree = "<group>";
		};
		C035465629833C0B00CCB8DF = {
			isa = PBXGroup;
			children = (
				C035466129833C0B00CCB8DF /* ParoquiaSaoRoque */,
				C035466029833C0B00CCB8DF /* Products */,
				BB66366AF115F0C2A372BFF1 /* Pods */,
				00FC50EDED1726903A10D4D7 /* Frameworks */,
			);
			sourceTree = "<group>";
		};
		C035466029833C0B00CCB8DF /* Products */ = {
			isa = PBXGroup;
			children = (
				C035465F29833C0B00CCB8DF /* ParoquiaSaoRoque.app */,
			);
			name = Products;
			sourceTree = "<group>";
		};
		C035466129833C0B00CCB8DF /* ParoquiaSaoRoque */ = {
			isa = PBXGroup;
			children = (
				C0535C65299E659800208EF5 /* GoogleService-Info.plist */,
				C035469B2984C51300CCB8DF /* Model */,
				C035468C29834A7E00CCB8DF /* Network */,
				C03546892983458F00CCB8DF /* Infra */,
				C03546762983429900CCB8DF /* Presentation */,
				C035466229833C0B00CCB8DF /* AppDelegate.swift */,
				C035466429833C0B00CCB8DF /* SceneDelegate.swift */,
				C035466B29833C0E00CCB8DF /* Assets.xcassets */,
				C035466D29833C0E00CCB8DF /* LaunchScreen.storyboard */,
				C035467029833C0E00CCB8DF /* Info.plist */,
			);
			path = ParoquiaSaoRoque;
			sourceTree = "<group>";
		};
		C03546762983429900CCB8DF /* Presentation */ = {
			isa = PBXGroup;
			children = (
				C0354677298342A600CCB8DF /* Liturgia */,
			);
			path = Presentation;
			sourceTree = "<group>";
		};
		C0354677298342A600CCB8DF /* Liturgia */ = {
			isa = PBXGroup;
			children = (
				C0354678298342B500CCB8DF /* LiturgiaView.swift */,
				C035467C298342CA00CCB8DF /* LiturgiaViewModel.swift */,
				C035467E2983432600CCB8DF /* LiturgiaViewController.swift */,
			);
			path = Liturgia;
			sourceTree = "<group>";
		};
		C03546892983458F00CCB8DF /* Infra */ = {
			isa = PBXGroup;
			children = (
				C046BEB5299D5C4700EA84F6 /* Extension */,
				C035468A2983459E00CCB8DF /* SnapKitable.swift */,
			);
			path = Infra;
			sourceTree = "<group>";
		};
		C035468C29834A7E00CCB8DF /* Network */ = {
			isa = PBXGroup;
			children = (
				C03546972984C2B200CCB8DF /* NetworkService.swift */,
				C0535C67299E6A4B00208EF5 /* SRError.swift */,
				C0535C69299E991500208EF5 /* SRRouter.swift */,
			);
			path = Network;
			sourceTree = "<group>";
		};
		C035469B2984C51300CCB8DF /* Model */ = {
			isa = PBXGroup;
			children = (
				C035469C2984C51C00CCB8DF /* LiturgiaDiaria.swift */,
			);
			path = Model;
			sourceTree = "<group>";
		};
		C046BEB5299D5C4700EA84F6 /* Extension */ = {
			isa = PBXGroup;
			children = (
			);
			path = Extension;
			sourceTree = "<group>";
		};
/* End PBXGroup section */

/* Begin PBXNativeTarget section */
		C035465E29833C0B00CCB8DF /* ParoquiaSaoRoque */ = {
			isa = PBXNativeTarget;
			buildConfigurationList = C035467329833C0E00CCB8DF /* Build configuration list for PBXNativeTarget "ParoquiaSaoRoque" */;
			buildPhases = (
				EFA9BF0937D77D1C619369A1 /* [CP] Check Pods Manifest.lock */,
				C035465B29833C0B00CCB8DF /* Sources */,
				C035465C29833C0B00CCB8DF /* Frameworks */,
				C035465D29833C0B00CCB8DF /* Resources */,
				073046BB1516234A9413C2A0 /* [CP] Embed Pods Frameworks */,
			);
			buildRules = (
			);
			dependencies = (
			);
			name = ParoquiaSaoRoque;
			packageProductDependencies = (
				C03546812983444700CCB8DF /* SnapKit */,
				C03546842983446000CCB8DF /* Alamofire */,
				C03546872983447300CCB8DF /* AlamofireNetworkActivityLogger */,
				C0626448299D1F2F0032D143 /* FirebaseAnalyticsSwift */,
				C062644A299D1F2F0032D143 /* FirebaseFirestoreSwift */,
			);
			productName = ParoquiaSaoRoque;
			productReference = C035465F29833C0B00CCB8DF /* ParoquiaSaoRoque.app */;
			productType = "com.apple.product-type.application";
		};
/* End PBXNativeTarget section */

/* Begin PBXProject section */
		C035465729833C0B00CCB8DF /* Project object */ = {
			isa = PBXProject;
			attributes = {
				BuildIndependentTargetsInParallel = 1;
				LastSwiftUpdateCheck = 1410;
				LastUpgradeCheck = 1410;
				TargetAttributes = {
					C035465E29833C0B00CCB8DF = {
						CreatedOnToolsVersion = 14.1;
					};
				};
			};
			buildConfigurationList = C035465A29833C0B00CCB8DF /* Build configuration list for PBXProject "ParoquiaSaoRoque" */;
			compatibilityVersion = "Xcode 14.0";
			developmentRegion = en;
			hasScannedForEncodings = 0;
			knownRegions = (
				en,
				Base,
			);
			mainGroup = C035465629833C0B00CCB8DF;
			packageReferences = (
				C03546802983444700CCB8DF /* XCRemoteSwiftPackageReference "SnapKit" */,
				C03546832983446000CCB8DF /* XCRemoteSwiftPackageReference "Alamofire" */,
				C03546862983447300CCB8DF /* XCRemoteSwiftPackageReference "AlamofireNetworkActivityLogger" */,
				C0626447299D1F2F0032D143 /* XCRemoteSwiftPackageReference "firebase-ios-sdk" */,
			);
			productRefGroup = C035466029833C0B00CCB8DF /* Products */;
			projectDirPath = "";
			projectRoot = "";
			targets = (
				C035465E29833C0B00CCB8DF /* ParoquiaSaoRoque */,
			);
		};
/* End PBXProject section */

/* Begin PBXResourcesBuildPhase section */
		C035465D29833C0B00CCB8DF /* Resources */ = {
			isa = PBXResourcesBuildPhase;
			buildActionMask = 2147483647;
			files = (
				C035466F29833C0E00CCB8DF /* LaunchScreen.storyboard in Resources */,
				C035466C29833C0E00CCB8DF /* Assets.xcassets in Resources */,
				C0535C66299E659800208EF5 /* GoogleService-Info.plist in Resources */,
			);
			runOnlyForDeploymentPostprocessing = 0;
		};
/* End PBXResourcesBuildPhase section */

/* Begin PBXShellScriptBuildPhase section */
		073046BB1516234A9413C2A0 /* [CP] Embed Pods Frameworks */ = {
			isa = PBXShellScriptBuildPhase;
			buildActionMask = 2147483647;
			files = (
			);
			inputFileListPaths = (
				"${PODS_ROOT}/Target Support Files/Pods-ParoquiaSaoRoque/Pods-ParoquiaSaoRoque-frameworks-${CONFIGURATION}-input-files.xcfilelist",
			);
			name = "[CP] Embed Pods Frameworks";
			outputFileListPaths = (
				"${PODS_ROOT}/Target Support Files/Pods-ParoquiaSaoRoque/Pods-ParoquiaSaoRoque-frameworks-${CONFIGURATION}-output-files.xcfilelist",
			);
			runOnlyForDeploymentPostprocessing = 0;
			shellPath = /bin/sh;
			shellScript = "\"${PODS_ROOT}/Target Support Files/Pods-ParoquiaSaoRoque/Pods-ParoquiaSaoRoque-frameworks.sh\"\n";
			showEnvVarsInLog = 0;
		};
		EFA9BF0937D77D1C619369A1 /* [CP] Check Pods Manifest.lock */ = {
			isa = PBXShellScriptBuildPhase;
			buildActionMask = 2147483647;
			files = (
			);
			inputFileListPaths = (
			);
			inputPaths = (
				"${PODS_PODFILE_DIR_PATH}/Podfile.lock",
				"${PODS_ROOT}/Manifest.lock",
			);
			name = "[CP] Check Pods Manifest.lock";
			outputFileListPaths = (
			);
			outputPaths = (
				"$(DERIVED_FILE_DIR)/Pods-ParoquiaSaoRoque-checkManifestLockResult.txt",
			);
			runOnlyForDeploymentPostprocessing = 0;
			shellPath = /bin/sh;
			shellScript = "diff \"${PODS_PODFILE_DIR_PATH}/Podfile.lock\" \"${PODS_ROOT}/Manifest.lock\" > /dev/null\nif [ $? != 0 ] ; then\n    # print error to STDERR\n    echo \"error: The sandbox is not in sync with the Podfile.lock. Run 'pod install' or update your CocoaPods installation.\" >&2\n    exit 1\nfi\n# This output is used by Xcode 'outputs' to avoid re-running this script phase.\necho \"SUCCESS\" > \"${SCRIPT_OUTPUT_FILE_0}\"\n";
			showEnvVarsInLog = 0;
		};
/* End PBXShellScriptBuildPhase section */

/* Begin PBXSourcesBuildPhase section */
		C035465B29833C0B00CCB8DF /* Sources */ = {
			isa = PBXSourcesBuildPhase;
			buildActionMask = 2147483647;
			files = (
				C035469D2984C51C00CCB8DF /* LiturgiaDiaria.swift in Sources */,
				C0354679298342B500CCB8DF /* LiturgiaView.swift in Sources */,
				C035466329833C0B00CCB8DF /* AppDelegate.swift in Sources */,
				C035468B2983459E00CCB8DF /* SnapKitable.swift in Sources */,
				C0535C68299E6A4B00208EF5 /* SRError.swift in Sources */,
				C035467D298342CA00CCB8DF /* LiturgiaViewModel.swift in Sources */,
				C035467F2983432600CCB8DF /* LiturgiaViewController.swift in Sources */,
				C035466529833C0B00CCB8DF /* SceneDelegate.swift in Sources */,
				C03546982984C2B200CCB8DF /* NetworkService.swift in Sources */,
				C0535C6A299E991500208EF5 /* SRRouter.swift in Sources */,
			);
			runOnlyForDeploymentPostprocessing = 0;
		};
/* End PBXSourcesBuildPhase section */

/* Begin PBXVariantGroup section */
		C035466D29833C0E00CCB8DF /* LaunchScreen.storyboard */ = {
			isa = PBXVariantGroup;
			children = (
				C035466E29833C0E00CCB8DF /* Base */,
			);
			name = LaunchScreen.storyboard;
			sourceTree = "<group>";
		};
/* End PBXVariantGroup section */

/* Begin XCBuildConfiguration section */
		C035467129833C0E00CCB8DF /* Debug */ = {
			isa = XCBuildConfiguration;
			buildSettings = {
				ALWAYS_SEARCH_USER_PATHS = NO;
				CLANG_ANALYZER_NONNULL = YES;
				CLANG_ANALYZER_NUMBER_OBJECT_CONVERSION = YES_AGGRESSIVE;
				CLANG_CXX_LANGUAGE_STANDARD = "gnu++20";
				CLANG_ENABLE_MODULES = YES;
				CLANG_ENABLE_OBJC_ARC = YES;
				CLANG_ENABLE_OBJC_WEAK = YES;
				CLANG_WARN_BLOCK_CAPTURE_AUTORELEASING = YES;
				CLANG_WARN_BOOL_CONVERSION = YES;
				CLANG_WARN_COMMA = YES;
				CLANG_WARN_CONSTANT_CONVERSION = YES;
				CLANG_WARN_DEPRECATED_OBJC_IMPLEMENTATIONS = YES;
				CLANG_WARN_DIRECT_OBJC_ISA_USAGE = YES_ERROR;
				CLANG_WARN_DOCUMENTATION_COMMENTS = YES;
				CLANG_WARN_EMPTY_BODY = YES;
				CLANG_WARN_ENUM_CONVERSION = YES;
				CLANG_WARN_INFINITE_RECURSION = YES;
				CLANG_WARN_INT_CONVERSION = YES;
				CLANG_WARN_NON_LITERAL_NULL_CONVERSION = YES;
				CLANG_WARN_OBJC_IMPLICIT_RETAIN_SELF = YES;
				CLANG_WARN_OBJC_LITERAL_CONVERSION = YES;
				CLANG_WARN_OBJC_ROOT_CLASS = YES_ERROR;
				CLANG_WARN_QUOTED_INCLUDE_IN_FRAMEWORK_HEADER = YES;
				CLANG_WARN_RANGE_LOOP_ANALYSIS = YES;
				CLANG_WARN_STRICT_PROTOTYPES = YES;
				CLANG_WARN_SUSPICIOUS_MOVE = YES;
				CLANG_WARN_UNGUARDED_AVAILABILITY = YES_AGGRESSIVE;
				CLANG_WARN_UNREACHABLE_CODE = YES;
				CLANG_WARN__DUPLICATE_METHOD_MATCH = YES;
				COPY_PHASE_STRIP = NO;
				DEBUG_INFORMATION_FORMAT = dwarf;
				ENABLE_STRICT_OBJC_MSGSEND = YES;
				ENABLE_TESTABILITY = YES;
				GCC_C_LANGUAGE_STANDARD = gnu11;
				GCC_DYNAMIC_NO_PIC = NO;
				GCC_NO_COMMON_BLOCKS = YES;
				GCC_OPTIMIZATION_LEVEL = 0;
				GCC_PREPROCESSOR_DEFINITIONS = (
					"DEBUG=1",
					"$(inherited)",
				);
				GCC_WARN_64_TO_32_BIT_CONVERSION = YES;
				GCC_WARN_ABOUT_RETURN_TYPE = YES_ERROR;
				GCC_WARN_UNDECLARED_SELECTOR = YES;
				GCC_WARN_UNINITIALIZED_AUTOS = YES_AGGRESSIVE;
				GCC_WARN_UNUSED_FUNCTION = YES;
				GCC_WARN_UNUSED_VARIABLE = YES;
				IPHONEOS_DEPLOYMENT_TARGET = 16.1;
				MTL_ENABLE_DEBUG_INFO = INCLUDE_SOURCE;
				MTL_FAST_MATH = YES;
				ONLY_ACTIVE_ARCH = YES;
				SDKROOT = iphoneos;
				SWIFT_ACTIVE_COMPILATION_CONDITIONS = DEBUG;
				SWIFT_OPTIMIZATION_LEVEL = "-Onone";
			};
			name = Debug;
		};
		C035467229833C0E00CCB8DF /* Release */ = {
			isa = XCBuildConfiguration;
			buildSettings = {
				ALWAYS_SEARCH_USER_PATHS = NO;
				CLANG_ANALYZER_NONNULL = YES;
				CLANG_ANALYZER_NUMBER_OBJECT_CONVERSION = YES_AGGRESSIVE;
				CLANG_CXX_LANGUAGE_STANDARD = "gnu++20";
				CLANG_ENABLE_MODULES = YES;
				CLANG_ENABLE_OBJC_ARC = YES;
				CLANG_ENABLE_OBJC_WEAK = YES;
				CLANG_WARN_BLOCK_CAPTURE_AUTORELEASING = YES;
				CLANG_WARN_BOOL_CONVERSION = YES;
				CLANG_WARN_COMMA = YES;
				CLANG_WARN_CONSTANT_CONVERSION = YES;
				CLANG_WARN_DEPRECATED_OBJC_IMPLEMENTATIONS = YES;
				CLANG_WARN_DIRECT_OBJC_ISA_USAGE = YES_ERROR;
				CLANG_WARN_DOCUMENTATION_COMMENTS = YES;
				CLANG_WARN_EMPTY_BODY = YES;
				CLANG_WARN_ENUM_CONVERSION = YES;
				CLANG_WARN_INFINITE_RECURSION = YES;
				CLANG_WARN_INT_CONVERSION = YES;
				CLANG_WARN_NON_LITERAL_NULL_CONVERSION = YES;
				CLANG_WARN_OBJC_IMPLICIT_RETAIN_SELF = YES;
				CLANG_WARN_OBJC_LITERAL_CONVERSION = YES;
				CLANG_WARN_OBJC_ROOT_CLASS = YES_ERROR;
				CLANG_WARN_QUOTED_INCLUDE_IN_FRAMEWORK_HEADER = YES;
				CLANG_WARN_RANGE_LOOP_ANALYSIS = YES;
				CLANG_WARN_STRICT_PROTOTYPES = YES;
				CLANG_WARN_SUSPICIOUS_MOVE = YES;
				CLANG_WARN_UNGUARDED_AVAILABILITY = YES_AGGRESSIVE;
				CLANG_WARN_UNREACHABLE_CODE = YES;
				CLANG_WARN__DUPLICATE_METHOD_MATCH = YES;
				COPY_PHASE_STRIP = NO;
				DEBUG_INFORMATION_FORMAT = "dwarf-with-dsym";
				ENABLE_NS_ASSERTIONS = NO;
				ENABLE_STRICT_OBJC_MSGSEND = YES;
				GCC_C_LANGUAGE_STANDARD = gnu11;
				GCC_NO_COMMON_BLOCKS = YES;
				GCC_WARN_64_TO_32_BIT_CONVERSION = YES;
				GCC_WARN_ABOUT_RETURN_TYPE = YES_ERROR;
				GCC_WARN_UNDECLARED_SELECTOR = YES;
				GCC_WARN_UNINITIALIZED_AUTOS = YES_AGGRESSIVE;
				GCC_WARN_UNUSED_FUNCTION = YES;
				GCC_WARN_UNUSED_VARIABLE = YES;
				IPHONEOS_DEPLOYMENT_TARGET = 16.1;
				MTL_ENABLE_DEBUG_INFO = NO;
				MTL_FAST_MATH = YES;
				SDKROOT = iphoneos;
				SWIFT_COMPILATION_MODE = wholemodule;
				SWIFT_OPTIMIZATION_LEVEL = "-O";
				VALIDATE_PRODUCT = YES;
			};
			name = Release;
		};
		C035467429833C0E00CCB8DF /* Debug */ = {
			isa = XCBuildConfiguration;
			baseConfigurationReference = F316C35775A270469E798E30 /* Pods-ParoquiaSaoRoque.debug.xcconfig */;
			buildSettings = {
				ASSETCATALOG_COMPILER_APPICON_NAME = AppIcon;
				ASSETCATALOG_COMPILER_GLOBAL_ACCENT_COLOR_NAME = AccentColor;
				CODE_SIGN_STYLE = Automatic;
				CURRENT_PROJECT_VERSION = 1;
				DEVELOPMENT_TEAM = 7AV6XLHW8K;
				GENERATE_INFOPLIST_FILE = YES;
				INFOPLIST_FILE = ParoquiaSaoRoque/Info.plist;
				INFOPLIST_KEY_UIApplicationSupportsIndirectInputEvents = YES;
				INFOPLIST_KEY_UILaunchStoryboardName = LaunchScreen;
				INFOPLIST_KEY_UISupportedInterfaceOrientations_iPad = "UIInterfaceOrientationPortrait UIInterfaceOrientationPortraitUpsideDown UIInterfaceOrientationLandscapeLeft UIInterfaceOrientationLandscapeRight";
				INFOPLIST_KEY_UISupportedInterfaceOrientations_iPhone = "UIInterfaceOrientationPortrait UIInterfaceOrientationLandscapeLeft UIInterfaceOrientationLandscapeRight";
				LD_RUNPATH_SEARCH_PATHS = (
					"$(inherited)",
					"@executable_path/Frameworks",
				);
				MARKETING_VERSION = 1.0;
				PRODUCT_BUNDLE_IDENTIFIER = com.pixelapps.ParoquiaSaoRoque;
				PRODUCT_NAME = "$(TARGET_NAME)";
				SWIFT_EMIT_LOC_STRINGS = YES;
				SWIFT_VERSION = 5.0;
				TARGETED_DEVICE_FAMILY = "1,2";
			};
			name = Debug;
		};
		C035467529833C0E00CCB8DF /* Release */ = {
			isa = XCBuildConfiguration;
			baseConfigurationReference = 5AD361AE073DE699726BB1BA /* Pods-ParoquiaSaoRoque.release.xcconfig */;
			buildSettings = {
				ASSETCATALOG_COMPILER_APPICON_NAME = AppIcon;
				ASSETCATALOG_COMPILER_GLOBAL_ACCENT_COLOR_NAME = AccentColor;
				CODE_SIGN_STYLE = Automatic;
				CURRENT_PROJECT_VERSION = 1;
				DEVELOPMENT_TEAM = 7AV6XLHW8K;
				GENERATE_INFOPLIST_FILE = YES;
				INFOPLIST_FILE = ParoquiaSaoRoque/Info.plist;
				INFOPLIST_KEY_UIApplicationSupportsIndirectInputEvents = YES;
				INFOPLIST_KEY_UILaunchStoryboardName = LaunchScreen;
				INFOPLIST_KEY_UISupportedInterfaceOrientations_iPad = "UIInterfaceOrientationPortrait UIInterfaceOrientationPortraitUpsideDown UIInterfaceOrientationLandscapeLeft UIInterfaceOrientationLandscapeRight";
				INFOPLIST_KEY_UISupportedInterfaceOrientations_iPhone = "UIInterfaceOrientationPortrait UIInterfaceOrientationLandscapeLeft UIInterfaceOrientationLandscapeRight";
				LD_RUNPATH_SEARCH_PATHS = (
					"$(inherited)",
					"@executable_path/Frameworks",
				);
				MARKETING_VERSION = 1.0;
				PRODUCT_BUNDLE_IDENTIFIER = com.pixelapps.ParoquiaSaoRoque;
				PRODUCT_NAME = "$(TARGET_NAME)";
				SWIFT_EMIT_LOC_STRINGS = YES;
				SWIFT_VERSION = 5.0;
				TARGETED_DEVICE_FAMILY = "1,2";
			};
			name = Release;
		};
/* End XCBuildConfiguration section */

/* Begin XCConfigurationList section */
		C035465A29833C0B00CCB8DF /* Build configuration list for PBXProject "ParoquiaSaoRoque" */ = {
			isa = XCConfigurationList;
			buildConfigurations = (
				C035467129833C0E00CCB8DF /* Debug */,
				C035467229833C0E00CCB8DF /* Release */,
			);
			defaultConfigurationIsVisible = 0;
			defaultConfigurationName = Release;
		};
		C035467329833C0E00CCB8DF /* Build configuration list for PBXNativeTarget "ParoquiaSaoRoque" */ = {
			isa = XCConfigurationList;
			buildConfigurations = (
				C035467429833C0E00CCB8DF /* Debug */,
				C035467529833C0E00CCB8DF /* Release */,
			);
			defaultConfigurationIsVisible = 0;
			defaultConfigurationName = Release;
		};
/* End XCConfigurationList section */

/* Begin XCRemoteSwiftPackageReference section */
		C03546802983444700CCB8DF /* XCRemoteSwiftPackageReference "SnapKit" */ = {
			isa = XCRemoteSwiftPackageReference;
			repositoryURL = "https://github.com/SnapKit/SnapKit";
			requirement = {
				kind = exactVersion;
				version = 5.6.0;
			};
		};
		C03546832983446000CCB8DF /* XCRemoteSwiftPackageReference "Alamofire" */ = {
			isa = XCRemoteSwiftPackageReference;
			repositoryURL = "https://github.com/Alamofire/Alamofire";
			requirement = {
				kind = exactVersion;
				version = 5.6.4;
			};
		};
		C03546862983447300CCB8DF /* XCRemoteSwiftPackageReference "AlamofireNetworkActivityLogger" */ = {
			isa = XCRemoteSwiftPackageReference;
			repositoryURL = "https://github.com/konkab/AlamofireNetworkActivityLogger";
			requirement = {
				kind = exactVersion;
				version = 3.4.0;
			};
		};
		C0626447299D1F2F0032D143 /* XCRemoteSwiftPackageReference "firebase-ios-sdk" */ = {
			isa = XCRemoteSwiftPackageReference;
			repositoryURL = "https://github.com/firebase/firebase-ios-sdk";
			requirement = {
				kind = exactVersion;
				version = 9.6.0;
			};
		};
/* End XCRemoteSwiftPackageReference section */

/* Begin XCSwiftPackageProductDependency section */
		C03546812983444700CCB8DF /* SnapKit */ = {
			isa = XCSwiftPackageProductDependency;
			package = C03546802983444700CCB8DF /* XCRemoteSwiftPackageReference "SnapKit" */;
			productName = SnapKit;
		};
		C03546842983446000CCB8DF /* Alamofire */ = {
			isa = XCSwiftPackageProductDependency;
			package = C03546832983446000CCB8DF /* XCRemoteSwiftPackageReference "Alamofire" */;
			productName = Alamofire;
		};
		C03546872983447300CCB8DF /* AlamofireNetworkActivityLogger */ = {
			isa = XCSwiftPackageProductDependency;
			package = C03546862983447300CCB8DF /* XCRemoteSwiftPackageReference "AlamofireNetworkActivityLogger" */;
			productName = AlamofireNetworkActivityLogger;
		};
		C0626448299D1F2F0032D143 /* FirebaseAnalyticsSwift */ = {
			isa = XCSwiftPackageProductDependency;
			package = C0626447299D1F2F0032D143 /* XCRemoteSwiftPackageReference "firebase-ios-sdk" */;
			productName = FirebaseAnalyticsSwift;
		};
		C062644A299D1F2F0032D143 /* FirebaseFirestoreSwift */ = {
			isa = XCSwiftPackageProductDependency;
			package = C0626447299D1F2F0032D143 /* XCRemoteSwiftPackageReference "firebase-ios-sdk" */;
			productName = FirebaseFirestoreSwift;
		};
/* End XCSwiftPackageProductDependency section */
	};
	rootObject = C035465729833C0B00CCB8DF /* Project object */;
}
